<?xml version="1.0" encoding="UTF-8"?>
<CodeBlocks_project_file>
	<FileVersion major="1" minor="6"/>
	<Project>
		<Option title="mcl"/>
		<Option makefile_is_custom="1"/>
		<Option compiler="gcc"/>
		<Option virtualFolders="CMake Files\;CMake Files\3rd\;CMake Files\3rd\hyrax-bls12-381\;CMake Files\3rd\hyrax-bls12-381\src\;CMake Files\3rd\hyrax-bls12-381\3rd\;CMake Files\3rd\hyrax-bls12-381\3rd\mcl\;CMake Files\3rd\hyrax-bls12-381\3rd\mcl\cmake\;CMake Files\src\;"/>
		<Build>
			<Target title="all">
				<Option working_dir="/Users/revanshphull/xK-groth16/zkCNN_complete/cmake-build-release/3rd/hyrax-bls12-381/3rd/mcl"/>
				<Option type="4"/>
				<MakeCommands>
					<Build command="/usr/bin/make -j8 -f &quot;/Users/revanshphull/xK-groth16/zkCNN_complete/cmake-build-release/3rd/hyrax-bls12-381/3rd/mcl/Makefile&quot;  VERBOSE=1 all"/>
					<CompileFile command="/usr/bin/make -j8 -f &quot;/Users/revanshphull/xK-groth16/zkCNN_complete/cmake-build-release/3rd/hyrax-bls12-381/3rd/mcl/Makefile&quot;  VERBOSE=1 &quot;$file&quot;"/>
					<Clean command="/usr/bin/make -j8 -f &quot;/Users/revanshphull/xK-groth16/zkCNN_complete/cmake-build-release/3rd/hyrax-bls12-381/3rd/mcl/Makefile&quot;  VERBOSE=1 clean"/>
					<DistClean command="/usr/bin/make -j8 -f &quot;/Users/revanshphull/xK-groth16/zkCNN_complete/cmake-build-release/3rd/hyrax-bls12-381/3rd/mcl/Makefile&quot;  VERBOSE=1 clean"/>
				</MakeCommands>
			</Target>
			<Target title="mcl">
				<Option output="/Users/revanshphull/xK-groth16/zkCNN_complete/cmake-build-release/lib/libmcl.dylib" prefix_auto="0" extension_auto="0"/>
				<Option working_dir="/Users/revanshphull/xK-groth16/zkCNN_complete/cmake-build-release/3rd/hyrax-bls12-381/3rd/mcl"/>
				<Option object_output="./"/>
				<Option type="3"/>
				<Option compiler="gcc"/>
				<Compiler>
					<Add option="-DMCL_NO_AUTOLINK"/>
					<Add option="-DMCLBN_NO_AUTOLINK"/>
					<Add option="-DMCL_USE_LLVM=1"/>
					<Add option="-DMCL_DONT_USE_OPENSSL"/>
					<Add directory="/Users/revanshphull/xK-groth16/zkCNN_complete/src"/>
					<Add directory="/Users/revanshphull/xK-groth16/zkCNN_complete/3rd"/>
					<Add directory="/Users/revanshphull/xK-groth16/zkCNN_complete/3rd/hyrax-bls12-381/3rd/mcl/include"/>
					<Add directory="/Users/revanshphull/xK-groth16/zkCNN_complete/3rd/hyrax-bls12-381/src"/>
					<Add directory="/Users/revanshphull/xK-groth16/zkCNN_complete/3rd/hyrax-bls12-381/.."/>
					<Add directory="/opt/homebrew/include"/>
					<Add directory="/usr/local/include"/>
					<Add directory="/Library/Developer/CommandLineTools/SDKs/MacOSX.sdk/usr/include/c++/v1"/>
					<Add directory="/Library/Developer/CommandLineTools/usr/lib/clang/14.0.3/include"/>
					<Add directory="/Library/Developer/CommandLineTools/SDKs/MacOSX.sdk/usr/include"/>
					<Add directory="/Library/Developer/CommandLineTools/usr/include"/>
					<Add directory="/Library/Developer/CommandLineTools/SDKs/MacOSX.sdk/System/Library/Frameworks"/>
				</Compiler>
				<MakeCommands>
					<Build command="/usr/bin/make -j8 -f &quot;/Users/revanshphull/xK-groth16/zkCNN_complete/cmake-build-release/3rd/hyrax-bls12-381/3rd/mcl/Makefile&quot;  VERBOSE=1 mcl"/>
					<CompileFile command="/usr/bin/make -j8 -f &quot;/Users/revanshphull/xK-groth16/zkCNN_complete/cmake-build-release/3rd/hyrax-bls12-381/3rd/mcl/Makefile&quot;  VERBOSE=1 &quot;$file&quot;"/>
					<Clean command="/usr/bin/make -j8 -f &quot;/Users/revanshphull/xK-groth16/zkCNN_complete/cmake-build-release/3rd/hyrax-bls12-381/3rd/mcl/Makefile&quot;  VERBOSE=1 clean"/>
					<DistClean command="/usr/bin/make -j8 -f &quot;/Users/revanshphull/xK-groth16/zkCNN_complete/cmake-build-release/3rd/hyrax-bls12-381/3rd/mcl/Makefile&quot;  VERBOSE=1 clean"/>
				</MakeCommands>
			</Target>
			<Target title="mcl/fast">
				<Option output="/Users/revanshphull/xK-groth16/zkCNN_complete/cmake-build-release/lib/libmcl.dylib" prefix_auto="0" extension_auto="0"/>
				<Option working_dir="/Users/revanshphull/xK-groth16/zkCNN_complete/cmake-build-release/3rd/hyrax-bls12-381/3rd/mcl"/>
				<Option object_output="./"/>
				<Option type="3"/>
				<Option compiler="gcc"/>
				<Compiler>
					<Add option="-DMCL_NO_AUTOLINK"/>
					<Add option="-DMCLBN_NO_AUTOLINK"/>
					<Add option="-DMCL_USE_LLVM=1"/>
					<Add option="-DMCL_DONT_USE_OPENSSL"/>
					<Add directory="/Users/revanshphull/xK-groth16/zkCNN_complete/src"/>
					<Add directory="/Users/revanshphull/xK-groth16/zkCNN_complete/3rd"/>
					<Add directory="/Users/revanshphull/xK-groth16/zkCNN_complete/3rd/hyrax-bls12-381/3rd/mcl/include"/>
					<Add directory="/Users/revanshphull/xK-groth16/zkCNN_complete/3rd/hyrax-bls12-381/src"/>
					<Add directory="/Users/revanshphull/xK-groth16/zkCNN_complete/3rd/hyrax-bls12-381/.."/>
					<Add directory="/opt/homebrew/include"/>
					<Add directory="/usr/local/include"/>
					<Add directory="/Library/Developer/CommandLineTools/SDKs/MacOSX.sdk/usr/include/c++/v1"/>
					<Add directory="/Library/Developer/CommandLineTools/usr/lib/clang/14.0.3/include"/>
					<Add directory="/Library/Developer/CommandLineTools/SDKs/MacOSX.sdk/usr/include"/>
					<Add directory="/Library/Developer/CommandLineTools/usr/include"/>
					<Add directory="/Library/Developer/CommandLineTools/SDKs/MacOSX.sdk/System/Library/Frameworks"/>
				</Compiler>
				<MakeCommands>
					<Build command="/usr/bin/make -j8 -f &quot;/Users/revanshphull/xK-groth16/zkCNN_complete/cmake-build-release/3rd/hyrax-bls12-381/3rd/mcl/Makefile&quot;  VERBOSE=1 mcl/fast"/>
					<CompileFile command="/usr/bin/make -j8 -f &quot;/Users/revanshphull/xK-groth16/zkCNN_complete/cmake-build-release/3rd/hyrax-bls12-381/3rd/mcl/Makefile&quot;  VERBOSE=1 &quot;$file&quot;"/>
					<Clean command="/usr/bin/make -j8 -f &quot;/Users/revanshphull/xK-groth16/zkCNN_complete/cmake-build-release/3rd/hyrax-bls12-381/3rd/mcl/Makefile&quot;  VERBOSE=1 clean"/>
					<DistClean command="/usr/bin/make -j8 -f &quot;/Users/revanshphull/xK-groth16/zkCNN_complete/cmake-build-release/3rd/hyrax-bls12-381/3rd/mcl/Makefile&quot;  VERBOSE=1 clean"/>
				</MakeCommands>
			</Target>
			<Target title="mcl_st">
				<Option output="/Users/revanshphull/xK-groth16/zkCNN_complete/cmake-build-release/lib/libmcl.a" prefix_auto="0" extension_auto="0"/>
				<Option working_dir="/Users/revanshphull/xK-groth16/zkCNN_complete/cmake-build-release/3rd/hyrax-bls12-381/3rd/mcl"/>
				<Option object_output="./"/>
				<Option type="2"/>
				<Option compiler="gcc"/>
				<Compiler>
					<Add option="-DMCL_NO_AUTOLINK"/>
					<Add option="-DMCLBN_NO_AUTOLINK"/>
					<Add option="-DMCL_USE_LLVM=1"/>
					<Add option="-DMCL_DONT_USE_OPENSSL"/>
					<Add directory="/Users/revanshphull/xK-groth16/zkCNN_complete/src"/>
					<Add directory="/Users/revanshphull/xK-groth16/zkCNN_complete/3rd"/>
					<Add directory="/Users/revanshphull/xK-groth16/zkCNN_complete/3rd/hyrax-bls12-381/3rd/mcl/include"/>
					<Add directory="/Users/revanshphull/xK-groth16/zkCNN_complete/3rd/hyrax-bls12-381/src"/>
					<Add directory="/Users/revanshphull/xK-groth16/zkCNN_complete/3rd/hyrax-bls12-381/.."/>
					<Add directory="/opt/homebrew/include"/>
					<Add directory="/usr/local/include"/>
					<Add directory="/Library/Developer/CommandLineTools/SDKs/MacOSX.sdk/usr/include/c++/v1"/>
					<Add directory="/Library/Developer/CommandLineTools/usr/lib/clang/14.0.3/include"/>
					<Add directory="/Library/Developer/CommandLineTools/SDKs/MacOSX.sdk/usr/include"/>
					<Add directory="/Library/Developer/CommandLineTools/usr/include"/>
					<Add directory="/Library/Developer/CommandLineTools/SDKs/MacOSX.sdk/System/Library/Frameworks"/>
				</Compiler>
				<MakeCommands>
					<Build command="/usr/bin/make -j8 -f &quot;/Users/revanshphull/xK-groth16/zkCNN_complete/cmake-build-release/3rd/hyrax-bls12-381/3rd/mcl/Makefile&quot;  VERBOSE=1 mcl_st"/>
					<CompileFile command="/usr/bin/make -j8 -f &quot;/Users/revanshphull/xK-groth16/zkCNN_complete/cmake-build-release/3rd/hyrax-bls12-381/3rd/mcl/Makefile&quot;  VERBOSE=1 &quot;$file&quot;"/>
					<Clean command="/usr/bin/make -j8 -f &quot;/Users/revanshphull/xK-groth16/zkCNN_complete/cmake-build-release/3rd/hyrax-bls12-381/3rd/mcl/Makefile&quot;  VERBOSE=1 clean"/>
					<DistClean command="/usr/bin/make -j8 -f &quot;/Users/revanshphull/xK-groth16/zkCNN_complete/cmake-build-release/3rd/hyrax-bls12-381/3rd/mcl/Makefile&quot;  VERBOSE=1 clean"/>
				</MakeCommands>
			</Target>
			<Target title="mcl_st/fast">
				<Option output="/Users/revanshphull/xK-groth16/zkCNN_complete/cmake-build-release/lib/libmcl.a" prefix_auto="0" extension_auto="0"/>
				<Option working_dir="/Users/revanshphull/xK-groth16/zkCNN_complete/cmake-build-release/3rd/hyrax-bls12-381/3rd/mcl"/>
				<Option object_output="./"/>
				<Option type="2"/>
				<Option compiler="gcc"/>
				<Compiler>
					<Add option="-DMCL_NO_AUTOLINK"/>
					<Add option="-DMCLBN_NO_AUTOLINK"/>
					<Add option="-DMCL_USE_LLVM=1"/>
					<Add option="-DMCL_DONT_USE_OPENSSL"/>
					<Add directory="/Users/revanshphull/xK-groth16/zkCNN_complete/src"/>
					<Add directory="/Users/revanshphull/xK-groth16/zkCNN_complete/3rd"/>
					<Add directory="/Users/revanshphull/xK-groth16/zkCNN_complete/3rd/hyrax-bls12-381/3rd/mcl/include"/>
					<Add directory="/Users/revanshphull/xK-groth16/zkCNN_complete/3rd/hyrax-bls12-381/src"/>
					<Add directory="/Users/revanshphull/xK-groth16/zkCNN_complete/3rd/hyrax-bls12-381/.."/>
					<Add directory="/opt/homebrew/include"/>
					<Add directory="/usr/local/include"/>
					<Add directory="/Library/Developer/CommandLineTools/SDKs/MacOSX.sdk/usr/include/c++/v1"/>
					<Add directory="/Library/Developer/CommandLineTools/usr/lib/clang/14.0.3/include"/>
					<Add directory="/Library/Developer/CommandLineTools/SDKs/MacOSX.sdk/usr/include"/>
					<Add directory="/Library/Developer/CommandLineTools/usr/include"/>
					<Add directory="/Library/Developer/CommandLineTools/SDKs/MacOSX.sdk/System/Library/Frameworks"/>
				</Compiler>
				<MakeCommands>
					<Build command="/usr/bin/make -j8 -f &quot;/Users/revanshphull/xK-groth16/zkCNN_complete/cmake-build-release/3rd/hyrax-bls12-381/3rd/mcl/Makefile&quot;  VERBOSE=1 mcl_st/fast"/>
					<CompileFile command="/usr/bin/make -j8 -f &quot;/Users/revanshphull/xK-groth16/zkCNN_complete/cmake-build-release/3rd/hyrax-bls12-381/3rd/mcl/Makefile&quot;  VERBOSE=1 &quot;$file&quot;"/>
					<Clean command="/usr/bin/make -j8 -f &quot;/Users/revanshphull/xK-groth16/zkCNN_complete/cmake-build-release/3rd/hyrax-bls12-381/3rd/mcl/Makefile&quot;  VERBOSE=1 clean"/>
					<DistClean command="/usr/bin/make -j8 -f &quot;/Users/revanshphull/xK-groth16/zkCNN_complete/cmake-build-release/3rd/hyrax-bls12-381/3rd/mcl/Makefile&quot;  VERBOSE=1 clean"/>
				</MakeCommands>
			</Target>
			<Target title="mclbn256">
				<Option output="/Users/revanshphull/xK-groth16/zkCNN_complete/cmake-build-release/lib/libmclbn256.dylib" prefix_auto="0" extension_auto="0"/>
				<Option working_dir="/Users/revanshphull/xK-groth16/zkCNN_complete/cmake-build-release/3rd/hyrax-bls12-381/3rd/mcl"/>
				<Option object_output="./"/>
				<Option type="3"/>
				<Option compiler="gcc"/>
				<Compiler>
					<Add option="-DMCL_NO_AUTOLINK"/>
					<Add option="-DMCLBN_NO_AUTOLINK"/>
					<Add option="-DMCL_USE_LLVM=1"/>
					<Add option="-DMCL_DONT_USE_OPENSSL"/>
					<Add directory="/Users/revanshphull/xK-groth16/zkCNN_complete/src"/>
					<Add directory="/Users/revanshphull/xK-groth16/zkCNN_complete/3rd"/>
					<Add directory="/Users/revanshphull/xK-groth16/zkCNN_complete/3rd/hyrax-bls12-381/3rd/mcl/include"/>
					<Add directory="/Users/revanshphull/xK-groth16/zkCNN_complete/3rd/hyrax-bls12-381/src"/>
					<Add directory="/Users/revanshphull/xK-groth16/zkCNN_complete/3rd/hyrax-bls12-381/.."/>
					<Add directory="/opt/homebrew/include"/>
					<Add directory="/usr/local/include"/>
					<Add directory="/Library/Developer/CommandLineTools/SDKs/MacOSX.sdk/usr/include/c++/v1"/>
					<Add directory="/Library/Developer/CommandLineTools/usr/lib/clang/14.0.3/include"/>
					<Add directory="/Library/Developer/CommandLineTools/SDKs/MacOSX.sdk/usr/include"/>
					<Add directory="/Library/Developer/CommandLineTools/usr/include"/>
					<Add directory="/Library/Developer/CommandLineTools/SDKs/MacOSX.sdk/System/Library/Frameworks"/>
				</Compiler>
				<MakeCommands>
					<Build command="/usr/bin/make -j8 -f &quot;/Users/revanshphull/xK-groth16/zkCNN_complete/cmake-build-release/3rd/hyrax-bls12-381/3rd/mcl/Makefile&quot;  VERBOSE=1 mclbn256"/>
					<CompileFile command="/usr/bin/make -j8 -f &quot;/Users/revanshphull/xK-groth16/zkCNN_complete/cmake-build-release/3rd/hyrax-bls12-381/3rd/mcl/Makefile&quot;  VERBOSE=1 &quot;$file&quot;"/>
					<Clean command="/usr/bin/make -j8 -f &quot;/Users/revanshphull/xK-groth16/zkCNN_complete/cmake-build-release/3rd/hyrax-bls12-381/3rd/mcl/Makefile&quot;  VERBOSE=1 clean"/>
					<DistClean command="/usr/bin/make -j8 -f &quot;/Users/revanshphull/xK-groth16/zkCNN_complete/cmake-build-release/3rd/hyrax-bls12-381/3rd/mcl/Makefile&quot;  VERBOSE=1 clean"/>
				</MakeCommands>
			</Target>
			<Target title="mclbn256/fast">
				<Option output="/Users/revanshphull/xK-groth16/zkCNN_complete/cmake-build-release/lib/libmclbn256.dylib" prefix_auto="0" extension_auto="0"/>
				<Option working_dir="/Users/revanshphull/xK-groth16/zkCNN_complete/cmake-build-release/3rd/hyrax-bls12-381/3rd/mcl"/>
				<Option object_output="./"/>
				<Option type="3"/>
				<Option compiler="gcc"/>
				<Compiler>
					<Add option="-DMCL_NO_AUTOLINK"/>
					<Add option="-DMCLBN_NO_AUTOLINK"/>
					<Add option="-DMCL_USE_LLVM=1"/>
					<Add option="-DMCL_DONT_USE_OPENSSL"/>
					<Add directory="/Users/revanshphull/xK-groth16/zkCNN_complete/src"/>
					<Add directory="/Users/revanshphull/xK-groth16/zkCNN_complete/3rd"/>
					<Add directory="/Users/revanshphull/xK-groth16/zkCNN_complete/3rd/hyrax-bls12-381/3rd/mcl/include"/>
					<Add directory="/Users/revanshphull/xK-groth16/zkCNN_complete/3rd/hyrax-bls12-381/src"/>
					<Add directory="/Users/revanshphull/xK-groth16/zkCNN_complete/3rd/hyrax-bls12-381/.."/>
					<Add directory="/opt/homebrew/include"/>
					<Add directory="/usr/local/include"/>
					<Add directory="/Library/Developer/CommandLineTools/SDKs/MacOSX.sdk/usr/include/c++/v1"/>
					<Add directory="/Library/Developer/CommandLineTools/usr/lib/clang/14.0.3/include"/>
					<Add directory="/Library/Developer/CommandLineTools/SDKs/MacOSX.sdk/usr/include"/>
					<Add directory="/Library/Developer/CommandLineTools/usr/include"/>
					<Add directory="/Library/Developer/CommandLineTools/SDKs/MacOSX.sdk/System/Library/Frameworks"/>
				</Compiler>
				<MakeCommands>
					<Build command="/usr/bin/make -j8 -f &quot;/Users/revanshphull/xK-groth16/zkCNN_complete/cmake-build-release/3rd/hyrax-bls12-381/3rd/mcl/Makefile&quot;  VERBOSE=1 mclbn256/fast"/>
					<CompileFile command="/usr/bin/make -j8 -f &quot;/Users/revanshphull/xK-groth16/zkCNN_complete/cmake-build-release/3rd/hyrax-bls12-381/3rd/mcl/Makefile&quot;  VERBOSE=1 &quot;$file&quot;"/>
					<Clean command="/usr/bin/make -j8 -f &quot;/Users/revanshphull/xK-groth16/zkCNN_complete/cmake-build-release/3rd/hyrax-bls12-381/3rd/mcl/Makefile&quot;  VERBOSE=1 clean"/>
					<DistClean command="/usr/bin/make -j8 -f &quot;/Users/revanshphull/xK-groth16/zkCNN_complete/cmake-build-release/3rd/hyrax-bls12-381/3rd/mcl/Makefile&quot;  VERBOSE=1 clean"/>
				</MakeCommands>
			</Target>
			<Target title="mclbn384">
				<Option output="/Users/revanshphull/xK-groth16/zkCNN_complete/cmake-build-release/lib/libmclbn384.dylib" prefix_auto="0" extension_auto="0"/>
				<Option working_dir="/Users/revanshphull/xK-groth16/zkCNN_complete/cmake-build-release/3rd/hyrax-bls12-381/3rd/mcl"/>
				<Option object_output="./"/>
				<Option type="3"/>
				<Option compiler="gcc"/>
				<Compiler>
					<Add option="-DMCL_NO_AUTOLINK"/>
					<Add option="-DMCLBN_NO_AUTOLINK"/>
					<Add option="-DMCL_USE_LLVM=1"/>
					<Add option="-DMCL_DONT_USE_OPENSSL"/>
					<Add directory="/Users/revanshphull/xK-groth16/zkCNN_complete/src"/>
					<Add directory="/Users/revanshphull/xK-groth16/zkCNN_complete/3rd"/>
					<Add directory="/Users/revanshphull/xK-groth16/zkCNN_complete/3rd/hyrax-bls12-381/3rd/mcl/include"/>
					<Add directory="/Users/revanshphull/xK-groth16/zkCNN_complete/3rd/hyrax-bls12-381/src"/>
					<Add directory="/Users/revanshphull/xK-groth16/zkCNN_complete/3rd/hyrax-bls12-381/.."/>
					<Add directory="/opt/homebrew/include"/>
					<Add directory="/usr/local/include"/>
					<Add directory="/Library/Developer/CommandLineTools/SDKs/MacOSX.sdk/usr/include/c++/v1"/>
					<Add directory="/Library/Developer/CommandLineTools/usr/lib/clang/14.0.3/include"/>
					<Add directory="/Library/Developer/CommandLineTools/SDKs/MacOSX.sdk/usr/include"/>
					<Add directory="/Library/Developer/CommandLineTools/usr/include"/>
					<Add directory="/Library/Developer/CommandLineTools/SDKs/MacOSX.sdk/System/Library/Frameworks"/>
				</Compiler>
				<MakeCommands>
					<Build command="/usr/bin/make -j8 -f &quot;/Users/revanshphull/xK-groth16/zkCNN_complete/cmake-build-release/3rd/hyrax-bls12-381/3rd/mcl/Makefile&quot;  VERBOSE=1 mclbn384"/>
					<CompileFile command="/usr/bin/make -j8 -f &quot;/Users/revanshphull/xK-groth16/zkCNN_complete/cmake-build-release/3rd/hyrax-bls12-381/3rd/mcl/Makefile&quot;  VERBOSE=1 &quot;$file&quot;"/>
					<Clean command="/usr/bin/make -j8 -f &quot;/Users/revanshphull/xK-groth16/zkCNN_complete/cmake-build-release/3rd/hyrax-bls12-381/3rd/mcl/Makefile&quot;  VERBOSE=1 clean"/>
					<DistClean command="/usr/bin/make -j8 -f &quot;/Users/revanshphull/xK-groth16/zkCNN_complete/cmake-build-release/3rd/hyrax-bls12-381/3rd/mcl/Makefile&quot;  VERBOSE=1 clean"/>
				</MakeCommands>
			</Target>
			<Target title="mclbn384/fast">
				<Option output="/Users/revanshphull/xK-groth16/zkCNN_complete/cmake-build-release/lib/libmclbn384.dylib" prefix_auto="0" extension_auto="0"/>
				<Option working_dir="/Users/revanshphull/xK-groth16/zkCNN_complete/cmake-build-release/3rd/hyrax-bls12-381/3rd/mcl"/>
				<Option object_output="./"/>
				<Option type="3"/>
				<Option compiler="gcc"/>
				<Compiler>
					<Add option="-DMCL_NO_AUTOLINK"/>
					<Add option="-DMCLBN_NO_AUTOLINK"/>
					<Add option="-DMCL_USE_LLVM=1"/>
					<Add option="-DMCL_DONT_USE_OPENSSL"/>
					<Add directory="/Users/revanshphull/xK-groth16/zkCNN_complete/src"/>
					<Add directory="/Users/revanshphull/xK-groth16/zkCNN_complete/3rd"/>
					<Add directory="/Users/revanshphull/xK-groth16/zkCNN_complete/3rd/hyrax-bls12-381/3rd/mcl/include"/>
					<Add directory="/Users/revanshphull/xK-groth16/zkCNN_complete/3rd/hyrax-bls12-381/src"/>
					<Add directory="/Users/revanshphull/xK-groth16/zkCNN_complete/3rd/hyrax-bls12-381/.."/>
					<Add directory="/opt/homebrew/include"/>
					<Add directory="/usr/local/include"/>
					<Add directory="/Library/Developer/CommandLineTools/SDKs/MacOSX.sdk/usr/include/c++/v1"/>
					<Add directory="/Library/Developer/CommandLineTools/usr/lib/clang/14.0.3/include"/>
					<Add directory="/Library/Developer/CommandLineTools/SDKs/MacOSX.sdk/usr/include"/>
					<Add directory="/Library/Developer/CommandLineTools/usr/include"/>
					<Add directory="/Library/Developer/CommandLineTools/SDKs/MacOSX.sdk/System/Library/Frameworks"/>
				</Compiler>
				<MakeCommands>
					<Build command="/usr/bin/make -j8 -f &quot;/Users/revanshphull/xK-groth16/zkCNN_complete/cmake-build-release/3rd/hyrax-bls12-381/3rd/mcl/Makefile&quot;  VERBOSE=1 mclbn384/fast"/>
					<CompileFile command="/usr/bin/make -j8 -f &quot;/Users/revanshphull/xK-groth16/zkCNN_complete/cmake-build-release/3rd/hyrax-bls12-381/3rd/mcl/Makefile&quot;  VERBOSE=1 &quot;$file&quot;"/>
					<Clean command="/usr/bin/make -j8 -f &quot;/Users/revanshphull/xK-groth16/zkCNN_complete/cmake-build-release/3rd/hyrax-bls12-381/3rd/mcl/Makefile&quot;  VERBOSE=1 clean"/>
					<DistClean command="/usr/bin/make -j8 -f &quot;/Users/revanshphull/xK-groth16/zkCNN_complete/cmake-build-release/3rd/hyrax-bls12-381/3rd/mcl/Makefile&quot;  VERBOSE=1 clean"/>
				</MakeCommands>
			</Target>
			<Target title="mclbn384_256">
				<Option output="/Users/revanshphull/xK-groth16/zkCNN_complete/cmake-build-release/lib/libmclbn384_256.dylib" prefix_auto="0" extension_auto="0"/>
				<Option working_dir="/Users/revanshphull/xK-groth16/zkCNN_complete/cmake-build-release/3rd/hyrax-bls12-381/3rd/mcl"/>
				<Option object_output="./"/>
				<Option type="3"/>
				<Option compiler="gcc"/>
				<Compiler>
					<Add option="-DMCL_NO_AUTOLINK"/>
					<Add option="-DMCLBN_NO_AUTOLINK"/>
					<Add option="-DMCL_USE_LLVM=1"/>
					<Add option="-DMCL_DONT_USE_OPENSSL"/>
					<Add directory="/Users/revanshphull/xK-groth16/zkCNN_complete/src"/>
					<Add directory="/Users/revanshphull/xK-groth16/zkCNN_complete/3rd"/>
					<Add directory="/Users/revanshphull/xK-groth16/zkCNN_complete/3rd/hyrax-bls12-381/3rd/mcl/include"/>
					<Add directory="/Users/revanshphull/xK-groth16/zkCNN_complete/3rd/hyrax-bls12-381/src"/>
					<Add directory="/Users/revanshphull/xK-groth16/zkCNN_complete/3rd/hyrax-bls12-381/.."/>
					<Add directory="/opt/homebrew/include"/>
					<Add directory="/usr/local/include"/>
					<Add directory="/Library/Developer/CommandLineTools/SDKs/MacOSX.sdk/usr/include/c++/v1"/>
					<Add directory="/Library/Developer/CommandLineTools/usr/lib/clang/14.0.3/include"/>
					<Add directory="/Library/Developer/CommandLineTools/SDKs/MacOSX.sdk/usr/include"/>
					<Add directory="/Library/Developer/CommandLineTools/usr/include"/>
					<Add directory="/Library/Developer/CommandLineTools/SDKs/MacOSX.sdk/System/Library/Frameworks"/>
				</Compiler>
				<MakeCommands>
					<Build command="/usr/bin/make -j8 -f &quot;/Users/revanshphull/xK-groth16/zkCNN_complete/cmake-build-release/3rd/hyrax-bls12-381/3rd/mcl/Makefile&quot;  VERBOSE=1 mclbn384_256"/>
					<CompileFile command="/usr/bin/make -j8 -f &quot;/Users/revanshphull/xK-groth16/zkCNN_complete/cmake-build-release/3rd/hyrax-bls12-381/3rd/mcl/Makefile&quot;  VERBOSE=1 &quot;$file&quot;"/>
					<Clean command="/usr/bin/make -j8 -f &quot;/Users/revanshphull/xK-groth16/zkCNN_complete/cmake-build-release/3rd/hyrax-bls12-381/3rd/mcl/Makefile&quot;  VERBOSE=1 clean"/>
					<DistClean command="/usr/bin/make -j8 -f &quot;/Users/revanshphull/xK-groth16/zkCNN_complete/cmake-build-release/3rd/hyrax-bls12-381/3rd/mcl/Makefile&quot;  VERBOSE=1 clean"/>
				</MakeCommands>
			</Target>
			<Target title="mclbn384_256/fast">
				<Option output="/Users/revanshphull/xK-groth16/zkCNN_complete/cmake-build-release/lib/libmclbn384_256.dylib" prefix_auto="0" extension_auto="0"/>
				<Option working_dir="/Users/revanshphull/xK-groth16/zkCNN_complete/cmake-build-release/3rd/hyrax-bls12-381/3rd/mcl"/>
				<Option object_output="./"/>
				<Option type="3"/>
				<Option compiler="gcc"/>
				<Compiler>
					<Add option="-DMCL_NO_AUTOLINK"/>
					<Add option="-DMCLBN_NO_AUTOLINK"/>
					<Add option="-DMCL_USE_LLVM=1"/>
					<Add option="-DMCL_DONT_USE_OPENSSL"/>
					<Add directory="/Users/revanshphull/xK-groth16/zkCNN_complete/src"/>
					<Add directory="/Users/revanshphull/xK-groth16/zkCNN_complete/3rd"/>
					<Add directory="/Users/revanshphull/xK-groth16/zkCNN_complete/3rd/hyrax-bls12-381/3rd/mcl/include"/>
					<Add directory="/Users/revanshphull/xK-groth16/zkCNN_complete/3rd/hyrax-bls12-381/src"/>
					<Add directory="/Users/revanshphull/xK-groth16/zkCNN_complete/3rd/hyrax-bls12-381/.."/>
					<Add directory="/opt/homebrew/include"/>
					<Add directory="/usr/local/include"/>
					<Add directory="/Library/Developer/CommandLineTools/SDKs/MacOSX.sdk/usr/include/c++/v1"/>
					<Add directory="/Library/Developer/CommandLineTools/usr/lib/clang/14.0.3/include"/>
					<Add directory="/Library/Developer/CommandLineTools/SDKs/MacOSX.sdk/usr/include"/>
					<Add directory="/Library/Developer/CommandLineTools/usr/include"/>
					<Add directory="/Library/Developer/CommandLineTools/SDKs/MacOSX.sdk/System/Library/Frameworks"/>
				</Compiler>
				<MakeCommands>
					<Build command="/usr/bin/make -j8 -f &quot;/Users/revanshphull/xK-groth16/zkCNN_complete/cmake-build-release/3rd/hyrax-bls12-381/3rd/mcl/Makefile&quot;  VERBOSE=1 mclbn384_256/fast"/>
					<CompileFile command="/usr/bin/make -j8 -f &quot;/Users/revanshphull/xK-groth16/zkCNN_complete/cmake-build-release/3rd/hyrax-bls12-381/3rd/mcl/Makefile&quot;  VERBOSE=1 &quot;$file&quot;"/>
					<Clean command="/usr/bin/make -j8 -f &quot;/Users/revanshphull/xK-groth16/zkCNN_complete/cmake-build-release/3rd/hyrax-bls12-381/3rd/mcl/Makefile&quot;  VERBOSE=1 clean"/>
					<DistClean command="/usr/bin/make -j8 -f &quot;/Users/revanshphull/xK-groth16/zkCNN_complete/cmake-build-release/3rd/hyrax-bls12-381/3rd/mcl/Makefile&quot;  VERBOSE=1 clean"/>
				</MakeCommands>
			</Target>
		</Build>
		<Unit filename="/Users/revanshphull/xK-groth16/zkCNN_complete/3rd/hyrax-bls12-381/3rd/mcl/src/asm/arm.s">
			<Option target="mcl"/>
			<Option target="mcl_st"/>
		</Unit>
		<Unit filename="/Users/revanshphull/xK-groth16/zkCNN_complete/3rd/hyrax-bls12-381/3rd/mcl/src/bn_c256.cpp">
			<Option target="mclbn256"/>
		</Unit>
		<Unit filename="/Users/revanshphull/xK-groth16/zkCNN_complete/3rd/hyrax-bls12-381/3rd/mcl/src/bn_c384.cpp">
			<Option target="mclbn384"/>
		</Unit>
		<Unit filename="/Users/revanshphull/xK-groth16/zkCNN_complete/3rd/hyrax-bls12-381/3rd/mcl/src/bn_c384_256.cpp">
			<Option target="mclbn384_256"/>
		</Unit>
		<Unit filename="/Users/revanshphull/xK-groth16/zkCNN_complete/3rd/hyrax-bls12-381/3rd/mcl/src/fp.cpp">
			<Option target="mcl"/>
			<Option target="mcl_st"/>
		</Unit>
		<Unit filename="/Users/revanshphull/xK-groth16/zkCNN_complete/CMakeLists.txt">
			<Option virtualFolder="CMake Files\"/>
		</Unit>
		<Unit filename="/Users/revanshphull/xK-groth16/zkCNN_complete/3rd/hyrax-bls12-381/CMakeLists.txt">
			<Option virtualFolder="CMake Files\3rd\hyrax-bls12-381\"/>
		</Unit>
		<Unit filename="/Users/revanshphull/xK-groth16/zkCNN_complete/3rd/hyrax-bls12-381/src/CMakeLists.txt">
			<Option virtualFolder="CMake Files\3rd\hyrax-bls12-381\src\"/>
		</Unit>
		<Unit filename="/Users/revanshphull/xK-groth16/zkCNN_complete/3rd/hyrax-bls12-381/3rd/mcl/CMakeLists.txt">
			<Option virtualFolder="CMake Files\3rd\hyrax-bls12-381\3rd\mcl\"/>
		</Unit>
		<Unit filename="/Users/revanshphull/xK-groth16/zkCNN_complete/3rd/hyrax-bls12-381/3rd/mcl/cmake/FindGMP.cmake">
			<Option virtualFolder="CMake Files\3rd\hyrax-bls12-381\3rd\mcl\cmake\"/>
		</Unit>
		<Unit filename="/Users/revanshphull/xK-groth16/zkCNN_complete/src/CMakeLists.txt">
			<Option virtualFolder="CMake Files\src\"/>
		</Unit>
	</Project>
</CodeBlocks_project_file>
